
Microsoft Visual Studio Solution File, Format Version 12.00
# Visual Studio Version 17
VisualStudioVersion = 17.10.35013.160
MinimumVisualStudioVersion = 10.0.40219.1
Project("{FAE04EC0-301F-11D3-BF4B-00C04F79EFBC}") = "Battleship", "Battleship.csproj", "{142A350A-6838-4725-9AAE-BB2E6C7CC25E}"
EndProject
Global
	GlobalSection(SolutionConfigurationPlatforms) = preSolution
		Debug|Any CPU = Debug|Any CPU
		Release|Any CPU = Release|Any CPU
	EndGlobalSection
	GlobalSection(ProjectConfigurationPlatforms) = postSolution
		{142A350A-6838-4725-9AAE-BB2E6C7CC25E}.Debug|Any CPU.ActiveCfg = Debug|Any CPU
		{142A350A-6838-4725-9AAE-BB2E6C7CC25E}.Debug|Any CPU.Build.0 = Debug|Any CPU
		{142A350A-6838-4725-9AAE-BB2E6C7CC25E}.Release|Any CPU.ActiveCfg = Release|Any CPU
		{142A350A-6838-4725-9AAE-BB2E6C7CC25E}.Release|Any CPU.Build.0 = Release|Any CPU
	EndGlobalSection
	GlobalSection(SolutionProperties) = preSolution
		HideSolutionNode = FALSE
	EndGlobalSection
	GlobalSection(ExtensibilityGlobals) = postSolution
		SolutionGuid = {949C9B6B-6059-4C00-AC5F-844BDD12CCD1}
	EndGlobalSection
EndGlobal
